
Microsoft Visual Studio Solution File, Format Version 12.00
# Visual Studio 15
VisualStudioVersion = 15.0.28307.1500
MinimumVisualStudioVersion = 10.0.40219.1
Project("{FAE04EC0-301F-11D3-BF4B-00C04F79EFBC}") = "CarSite", "CarSite\CarSite.csproj", "{B118F73E-7C95-4AE6-AA2F-F27300E2D945}"
EndProject
Global
	GlobalSection(SolutionConfigurationPlatforms) = preSolution
		Debug|Any CPU = Debug|Any CPU
		Release|Any CPU = Release|Any CPU
	EndGlobalSection
	GlobalSection(ProjectConfigurationPlatforms) = postSolution
		{B118F73E-7C95-4AE6-AA2F-F27300E2D945}.Debug|Any CPU.ActiveCfg = Debug|Any CPU
		{B118F73E-7C95-4AE6-AA2F-F27300E2D945}.Debug|Any CPU.Build.0 = Debug|Any CPU
		{B118F73E-7C95-4AE6-AA2F-F27300E2D945}.Release|Any CPU.ActiveCfg = Release|Any CPU
		{B118F73E-7C95-4AE6-AA2F-F27300E2D945}.Release|Any CPU.Build.0 = Release|Any CPU
	EndGlobalSection
	GlobalSection(SolutionProperties) = preSolution
		HideSolutionNode = FALSE
	EndGlobalSection
	GlobalSection(ExtensibilityGlobals) = postSolution
		SolutionGuid = {0D1645F2-DC63-470D-BCB9-5864148646FB}
	EndGlobalSection
EndGlobal
